PODS:
  - flutter_thermal_printer (0.0.1):
    - FlutterMacOS
  - FlutterMacOS (1.0.0)
  - universal_ble (0.0.1):
    - Flutter
    - FlutterMacOS

DEPENDENCIES:
  - flutter_thermal_printer (from `Flutter/ephemeral/.symlinks/plugins/flutter_thermal_printer/macos`)
  - FlutterMacOS (from `Flutter/ephemeral`)
  - universal_ble (from `Flutter/ephemeral/.symlinks/plugins/universal_ble/darwin`)

EXTERNAL SOURCES:
  flutter_thermal_printer:
    :path: Flutter/ephemeral/.symlinks/plugins/flutter_thermal_printer/macos
  FlutterMacOS:
    :path: Flutter/ephemeral
  universal_ble:
    :path: Flutter/ephemeral/.symlinks/plugins/universal_ble/darwin

SPEC CHECKSUMS:
  flutter_thermal_printer: e6227519f39cb4562cf730a774414ed3c4872495
  FlutterMacOS: d0db08ddef1a9af05a5ec4b724367152bb0500b1
  universal_ble: 45519b2aeafe62761e2c6309f8927edb5288b914

PODFILE CHECKSUM: 86185b553e48c8685b3c0c73d1da77bf3fc4d159

COCOAPODS: 1.16.2
